Microsoft Visual Studio Solution File, Format Version 11.00
# Visual Studio 2010
Project("{FAE04EC0-301F-11D3-BF4B-00C04F79EFBC}") = "VisualGit", "VisualGit\VisualGit.csproj", "{05C0EC96-01D6-47F3-A9D1-8EEA5EA920BB}"
	ProjectSection(ProjectDependencies) = postProject
		{A7E9216C-498A-4D5B-9BD4-2434B9AB0F3F} = {A7E9216C-498A-4D5B-9BD4-2434B9AB0F3F}
		{78DF0648-E98B-4103-BA39-82707CDB71F5} = {78DF0648-E98B-4103-BA39-82707CDB71F5}
	EndProjectSection
EndProject
Project("{FAE04EC0-301F-11D3-BF4B-00C04F79EFBC}") = "Utils", "Utils\Utils.csproj", "{A7E9216C-498A-4D5B-9BD4-2434B9AB0F3F}"
EndProject
Project("{FAE04EC0-301F-11D3-BF4B-00C04F79EFBC}") = "VisualGit.UI", "VisualGit.UI\VisualGit.UI.csproj", "{78DF0648-E98B-4103-BA39-82707CDB71F5}"
EndProject
Project("{FAE04EC0-301F-11D3-BF4B-00C04F79EFBC}") = "VisualGit.Services", "VisualGit.Services\VisualGit.Services.csproj", "{EE420899-9076-40CD-81A7-E6E8B6C9E37E}"
EndProject
Project("{FAE04EC0-301F-11D3-BF4B-00C04F79EFBC}") = "VisualGit.Scc", "VisualGit.Scc\VisualGit.Scc.csproj", "{FA7DB37C-C777-4C7E-8966-1C75C8D5A0A5}"
EndProject
Project("{FAE04EC0-301F-11D3-BF4B-00C04F79EFBC}") = "VisualGit.VS", "VisualGit.VS\VisualGit.VS.csproj", "{B6F91ED2-5285-40FF-B699-98C1BA06B06B}"
EndProject
Project("{FAE04EC0-301F-11D3-BF4B-00C04F79EFBC}") = "VisualGit.Package", "VisualGit.Package\VisualGit.Package.csproj", "{FCC5420D-7736-47A7-914A-D786FC6905BC}"
EndProject
Project("{FAE04EC0-301F-11D3-BF4B-00C04F79EFBC}") = "VisualGit.Migrate", "VisualGit.Migrate\VisualGit.Migrate.csproj", "{4D39E02B-FAED-4041-BAB8-01B002CD7046}"
EndProject
Project("{FAE04EC0-301F-11D3-BF4B-00C04F79EFBC}") = "VisualGit.Diff", "VisualGit.Diff\VisualGit.Diff.csproj", "{69301E7D-F47F-42F4-8CB6-4A5CA3101785}"
EndProject
Project("{FAE04EC0-301F-11D3-BF4B-00C04F79EFBC}") = "VisualGit.Ids", "VisualGit.Ids\VisualGit.Ids.csproj", "{19D7BEA7-D947-43A2-9A04-F3369AFB89F5}"
EndProject
Project("{FAE04EC0-301F-11D3-BF4B-00C04F79EFBC}") = "VisualGit.GenerateVSIXManifest", "tools\VisualGit.GenerateVSIXManifest\VisualGit.GenerateVSIXManifest.csproj", "{28C030E0-0298-44EB-9434-4B5565EB33AA}"
EndProject
Project("{FAE04EC0-301F-11D3-BF4B-00C04F79EFBC}") = "SharpGit", "SharpGit\SharpGit.csproj", "{3483D848-0E50-445A-92B6-BDA2320BEA52}"
EndProject
Global
	GlobalSection(SolutionConfigurationPlatforms) = preSolution
		Debug|Any CPU = Debug|Any CPU
		Release (With MSI)|Any CPU = Release (With MSI)|Any CPU
		Release|Any CPU = Release|Any CPU
	EndGlobalSection
	GlobalSection(ProjectConfigurationPlatforms) = postSolution
		{05C0EC96-01D6-47F3-A9D1-8EEA5EA920BB}.Debug|Any CPU.ActiveCfg = Debug|Any CPU
		{05C0EC96-01D6-47F3-A9D1-8EEA5EA920BB}.Debug|Any CPU.Build.0 = Debug|Any CPU
		{05C0EC96-01D6-47F3-A9D1-8EEA5EA920BB}.Release (With MSI)|Any CPU.ActiveCfg = Release|Any CPU
		{05C0EC96-01D6-47F3-A9D1-8EEA5EA920BB}.Release (With MSI)|Any CPU.Build.0 = Release|Any CPU
		{05C0EC96-01D6-47F3-A9D1-8EEA5EA920BB}.Release|Any CPU.ActiveCfg = Release|Any CPU
		{05C0EC96-01D6-47F3-A9D1-8EEA5EA920BB}.Release|Any CPU.Build.0 = Release|Any CPU
		{A7E9216C-498A-4D5B-9BD4-2434B9AB0F3F}.Debug|Any CPU.ActiveCfg = Debug|Any CPU
		{A7E9216C-498A-4D5B-9BD4-2434B9AB0F3F}.Debug|Any CPU.Build.0 = Debug|Any CPU
		{A7E9216C-498A-4D5B-9BD4-2434B9AB0F3F}.Release (With MSI)|Any CPU.ActiveCfg = Release|Any CPU
		{A7E9216C-498A-4D5B-9BD4-2434B9AB0F3F}.Release (With MSI)|Any CPU.Build.0 = Release|Any CPU
		{A7E9216C-498A-4D5B-9BD4-2434B9AB0F3F}.Release|Any CPU.ActiveCfg = Release|Any CPU
		{A7E9216C-498A-4D5B-9BD4-2434B9AB0F3F}.Release|Any CPU.Build.0 = Release|Any CPU
		{78DF0648-E98B-4103-BA39-82707CDB71F5}.Debug|Any CPU.ActiveCfg = Debug|Any CPU
		{78DF0648-E98B-4103-BA39-82707CDB71F5}.Debug|Any CPU.Build.0 = Debug|Any CPU
		{78DF0648-E98B-4103-BA39-82707CDB71F5}.Release (With MSI)|Any CPU.ActiveCfg = Release|Any CPU
		{78DF0648-E98B-4103-BA39-82707CDB71F5}.Release (With MSI)|Any CPU.Build.0 = Release|Any CPU
		{78DF0648-E98B-4103-BA39-82707CDB71F5}.Release|Any CPU.ActiveCfg = Release|Any CPU
		{78DF0648-E98B-4103-BA39-82707CDB71F5}.Release|Any CPU.Build.0 = Release|Any CPU
		{EE420899-9076-40CD-81A7-E6E8B6C9E37E}.Debug|Any CPU.ActiveCfg = Debug|Any CPU
		{EE420899-9076-40CD-81A7-E6E8B6C9E37E}.Debug|Any CPU.Build.0 = Debug|Any CPU
		{EE420899-9076-40CD-81A7-E6E8B6C9E37E}.Release (With MSI)|Any CPU.ActiveCfg = Release|Any CPU
		{EE420899-9076-40CD-81A7-E6E8B6C9E37E}.Release (With MSI)|Any CPU.Build.0 = Release|Any CPU
		{EE420899-9076-40CD-81A7-E6E8B6C9E37E}.Release|Any CPU.ActiveCfg = Release|Any CPU
		{EE420899-9076-40CD-81A7-E6E8B6C9E37E}.Release|Any CPU.Build.0 = Release|Any CPU
		{FA7DB37C-C777-4C7E-8966-1C75C8D5A0A5}.Debug|Any CPU.ActiveCfg = Debug|Any CPU
		{FA7DB37C-C777-4C7E-8966-1C75C8D5A0A5}.Debug|Any CPU.Build.0 = Debug|Any CPU
		{FA7DB37C-C777-4C7E-8966-1C75C8D5A0A5}.Release (With MSI)|Any CPU.ActiveCfg = Release|Any CPU
		{FA7DB37C-C777-4C7E-8966-1C75C8D5A0A5}.Release (With MSI)|Any CPU.Build.0 = Release|Any CPU
		{FA7DB37C-C777-4C7E-8966-1C75C8D5A0A5}.Release|Any CPU.ActiveCfg = Release|Any CPU
		{FA7DB37C-C777-4C7E-8966-1C75C8D5A0A5}.Release|Any CPU.Build.0 = Release|Any CPU
		{B6F91ED2-5285-40FF-B699-98C1BA06B06B}.Debug|Any CPU.ActiveCfg = Debug|Any CPU
		{B6F91ED2-5285-40FF-B699-98C1BA06B06B}.Debug|Any CPU.Build.0 = Debug|Any CPU
		{B6F91ED2-5285-40FF-B699-98C1BA06B06B}.Release (With MSI)|Any CPU.ActiveCfg = Release|Any CPU
		{B6F91ED2-5285-40FF-B699-98C1BA06B06B}.Release (With MSI)|Any CPU.Build.0 = Release|Any CPU
		{B6F91ED2-5285-40FF-B699-98C1BA06B06B}.Release|Any CPU.ActiveCfg = Release|Any CPU
		{B6F91ED2-5285-40FF-B699-98C1BA06B06B}.Release|Any CPU.Build.0 = Release|Any CPU
		{FCC5420D-7736-47A7-914A-D786FC6905BC}.Debug|Any CPU.ActiveCfg = Debug|Any CPU
		{FCC5420D-7736-47A7-914A-D786FC6905BC}.Debug|Any CPU.Build.0 = Debug|Any CPU
		{FCC5420D-7736-47A7-914A-D786FC6905BC}.Release (With MSI)|Any CPU.ActiveCfg = Release|Any CPU
		{FCC5420D-7736-47A7-914A-D786FC6905BC}.Release (With MSI)|Any CPU.Build.0 = Release|Any CPU
		{FCC5420D-7736-47A7-914A-D786FC6905BC}.Release|Any CPU.ActiveCfg = Release|Any CPU
		{FCC5420D-7736-47A7-914A-D786FC6905BC}.Release|Any CPU.Build.0 = Release|Any CPU
		{4D39E02B-FAED-4041-BAB8-01B002CD7046}.Debug|Any CPU.ActiveCfg = Debug|Any CPU
		{4D39E02B-FAED-4041-BAB8-01B002CD7046}.Debug|Any CPU.Build.0 = Debug|Any CPU
		{4D39E02B-FAED-4041-BAB8-01B002CD7046}.Release (With MSI)|Any CPU.ActiveCfg = Release|Any CPU
		{4D39E02B-FAED-4041-BAB8-01B002CD7046}.Release (With MSI)|Any CPU.Build.0 = Release|Any CPU
		{4D39E02B-FAED-4041-BAB8-01B002CD7046}.Release|Any CPU.ActiveCfg = Release|Any CPU
		{4D39E02B-FAED-4041-BAB8-01B002CD7046}.Release|Any CPU.Build.0 = Release|Any CPU
		{69301E7D-F47F-42F4-8CB6-4A5CA3101785}.Debug|Any CPU.ActiveCfg = Debug|Any CPU
		{69301E7D-F47F-42F4-8CB6-4A5CA3101785}.Debug|Any CPU.Build.0 = Debug|Any CPU
		{69301E7D-F47F-42F4-8CB6-4A5CA3101785}.Release (With MSI)|Any CPU.ActiveCfg = Release|Any CPU
		{69301E7D-F47F-42F4-8CB6-4A5CA3101785}.Release (With MSI)|Any CPU.Build.0 = Release|Any CPU
		{69301E7D-F47F-42F4-8CB6-4A5CA3101785}.Release|Any CPU.ActiveCfg = Release|Any CPU
		{69301E7D-F47F-42F4-8CB6-4A5CA3101785}.Release|Any CPU.Build.0 = Release|Any CPU
		{19D7BEA7-D947-43A2-9A04-F3369AFB89F5}.Debug|Any CPU.ActiveCfg = Debug|Any CPU
		{19D7BEA7-D947-43A2-9A04-F3369AFB89F5}.Debug|Any CPU.Build.0 = Debug|Any CPU
		{19D7BEA7-D947-43A2-9A04-F3369AFB89F5}.Release (With MSI)|Any CPU.ActiveCfg = Release|Any CPU
		{19D7BEA7-D947-43A2-9A04-F3369AFB89F5}.Release (With MSI)|Any CPU.Build.0 = Release|Any CPU
		{19D7BEA7-D947-43A2-9A04-F3369AFB89F5}.Release|Any CPU.ActiveCfg = Release|Any CPU
		{19D7BEA7-D947-43A2-9A04-F3369AFB89F5}.Release|Any CPU.Build.0 = Release|Any CPU
		{28C030E0-0298-44EB-9434-4B5565EB33AA}.Debug|Any CPU.ActiveCfg = Debug|Any CPU
		{28C030E0-0298-44EB-9434-4B5565EB33AA}.Debug|Any CPU.Build.0 = Debug|Any CPU
		{28C030E0-0298-44EB-9434-4B5565EB33AA}.Release (With MSI)|Any CPU.ActiveCfg = Release|Any CPU
		{28C030E0-0298-44EB-9434-4B5565EB33AA}.Release (With MSI)|Any CPU.Build.0 = Release|Any CPU
		{28C030E0-0298-44EB-9434-4B5565EB33AA}.Release|Any CPU.ActiveCfg = Release|Any CPU
		{28C030E0-0298-44EB-9434-4B5565EB33AA}.Release|Any CPU.Build.0 = Release|Any CPU
		{3483D848-0E50-445A-92B6-BDA2320BEA52}.Debug|Any CPU.ActiveCfg = Debug|Any CPU
		{3483D848-0E50-445A-92B6-BDA2320BEA52}.Debug|Any CPU.Build.0 = Debug|Any CPU
		{3483D848-0E50-445A-92B6-BDA2320BEA52}.Release (With MSI)|Any CPU.ActiveCfg = Release|Any CPU
		{3483D848-0E50-445A-92B6-BDA2320BEA52}.Release (With MSI)|Any CPU.Build.0 = Release|Any CPU
		{3483D848-0E50-445A-92B6-BDA2320BEA52}.Release|Any CPU.ActiveCfg = Release|Any CPU
		{3483D848-0E50-445A-92B6-BDA2320BEA52}.Release|Any CPU.Build.0 = Release|Any CPU
	EndGlobalSection
	GlobalSection(SolutionProperties) = preSolution
		HideSolutionNode = FALSE
	EndGlobalSection
	GlobalSection(ExtensibilityGlobals) = postSolution
		DPBuild = 5
	EndGlobalSection
	GlobalSection(SubversionScc) = preSolution
		Svn-Managed = True
		Manager = VisualGit - Git Support for Visual Studio
	EndGlobalSection
EndGlobal
